
Microsoft Visual Studio Solution File, Format Version 12.00
# Visual Studio 15
VisualStudioVersion = 15.0.28307.168
MinimumVisualStudioVersion = 10.0.40219.1
Project("{FAE04EC0-301F-11D3-BF4B-00C04F79EFBC}") = "DeckSearcher", "DeckSearcher\DeckSearcher.csproj", "{FA07F0D6-7EDF-4670-9787-AD2B7FE39812}"
EndProject
Global
	GlobalSection(SolutionConfigurationPlatforms) = preSolution
		Debug|Any CPU = Debug|Any CPU
		Release|Any CPU = Release|Any CPU
	EndGlobalSection
	GlobalSection(ProjectConfigurationPlatforms) = postSolution
		{FA07F0D6-7EDF-4670-9787-AD2B7FE39812}.Debug|Any CPU.ActiveCfg = Debug|Any CPU
		{FA07F0D6-7EDF-4670-9787-AD2B7FE39812}.Debug|Any CPU.Build.0 = Debug|Any CPU
		{FA07F0D6-7EDF-4670-9787-AD2B7FE39812}.Release|Any CPU.ActiveCfg = Release|Any CPU
		{FA07F0D6-7EDF-4670-9787-AD2B7FE39812}.Release|Any CPU.Build.0 = Release|Any CPU
	EndGlobalSection
	GlobalSection(SolutionProperties) = preSolution
		HideSolutionNode = FALSE
	EndGlobalSection
	GlobalSection(ExtensibilityGlobals) = postSolution
		SolutionGuid = {F27403B5-47A8-437F-99D1-5806A3F27E21}
	EndGlobalSection
EndGlobal
